// !$*UTF8*$!
{
	archiveVersion = 1;
	classes = {
	};
	objectVersion = 48;
	objects = {

/* Begin PBXBuildFile section */
		97399B752032C0EA00D62FE2 /* AppDelegate.swift in Sources */ = {isa = PBXBuildFile; fileRef = 97399B742032C0EA00D62FE2 /* AppDelegate.swift */; };
		97399B7C2032C0EA00D62FE2 /* Assets.xcassets in Resources */ = {isa = PBXBuildFile; fileRef = 97399B7B2032C0EA00D62FE2 /* Assets.xcassets */; };
		97399B7F2032C0EA00D62FE2 /* LaunchScreen.storyboard in Resources */ = {isa = PBXBuildFile; fileRef = 97399B7D2032C0EA00D62FE2 /* LaunchScreen.storyboard */; };
		9746E4E720338C1F00F651DE /* Ocamon.swift in Sources */ = {isa = PBXBuildFile; fileRef = 9746E4E620338C1F00F651DE /* Ocamon.swift */; };
		9746E4E920338D9D00F651DE /* OcamonType.swift in Sources */ = {isa = PBXBuildFile; fileRef = 9746E4E820338D9D00F651DE /* OcamonType.swift */; };
		9746E4EB2033900E00F651DE /* OcamonsViewController.swift in Sources */ = {isa = PBXBuildFile; fileRef = 9746E4EA2033900E00F651DE /* OcamonsViewController.swift */; };
		9746E4ED2033929B00F651DE /* OcamonsViewController.xib in Resources */ = {isa = PBXBuildFile; fileRef = 9746E4EC2033929B00F651DE /* OcamonsViewController.xib */; };
		9746E4EF20339E3F00F651DE /* Store.swift in Sources */ = {isa = PBXBuildFile; fileRef = 9746E4EE20339E3F00F651DE /* Store.swift */; };
		9746E4F2203619EC00F651DE /* OcamonViewController.swift in Sources */ = {isa = PBXBuildFile; fileRef = 9746E4F1203619EC00F651DE /* OcamonViewController.swift */; };
		9746E4F420361C5F00F651DE /* OcamonViewController.xib in Resources */ = {isa = PBXBuildFile; fileRef = 9746E4F320361C5F00F651DE /* OcamonViewController.xib */; };
		97EF62DB203B35660047C247 /* AboutViewController.swift in Sources */ = {isa = PBXBuildFile; fileRef = 97EF62D9203B35660047C247 /* AboutViewController.swift */; };
		97EF62DC203B35660047C247 /* AboutViewController.xib in Resources */ = {isa = PBXBuildFile; fileRef = 97EF62DA203B35660047C247 /* AboutViewController.xib */; };
/* End PBXBuildFile section */

/* Begin PBXFileReference section */
		97399B712032C0EA00D62FE2 /* Ocadex.app */ = {isa = PBXFileReference; explicitFileType = wrapper.application; includeInIndex = 0; path = Ocadex.app; sourceTree = BUILT_PRODUCTS_DIR; };
		97399B742032C0EA00D62FE2 /* AppDelegate.swift */ = {isa = PBXFileReference; lastKnownFileType = sourcecode.swift; path = AppDelegate.swift; sourceTree = "<group>"; };
		97399B7B2032C0EA00D62FE2 /* Assets.xcassets */ = {isa = PBXFileReference; lastKnownFileType = folder.assetcatalog; path = Assets.xcassets; sourceTree = "<group>"; };
		97399B7E2032C0EA00D62FE2 /* Base */ = {isa = PBXFileReference; lastKnownFileType = file.storyboard; name = Base; path = Base.lproj/LaunchScreen.storyboard; sourceTree = "<group>"; };
		97399B802032C0EA00D62FE2 /* Info.plist */ = {isa = PBXFileReference; lastKnownFileType = text.plist.xml; path = Info.plist; sourceTree = "<group>"; };
		9746E4E620338C1F00F651DE /* Ocamon.swift */ = {isa = PBXFileReference; lastKnownFileType = sourcecode.swift; path = Ocamon.swift; sourceTree = "<group>"; };
		9746E4E820338D9D00F651DE /* OcamonType.swift */ = {isa = PBXFileReference; lastKnownFileType = sourcecode.swift; path = OcamonType.swift; sourceTree = "<group>"; };
		9746E4EA2033900E00F651DE /* OcamonsViewController.swift */ = {isa = PBXFileReference; lastKnownFileType = sourcecode.swift; path = OcamonsViewController.swift; sourceTree = "<group>"; };
		9746E4EC2033929B00F651DE /* OcamonsViewController.xib */ = {isa = PBXFileReference; lastKnownFileType = file.xib; path = OcamonsViewController.xib; sourceTree = "<group>"; };
		9746E4EE20339E3F00F651DE /* Store.swift */ = {isa = PBXFileReference; lastKnownFileType = sourcecode.swift; path = Store.swift; sourceTree = "<group>"; };
		9746E4F1203619EC00F651DE /* OcamonViewController.swift */ = {isa = PBXFileReference; lastKnownFileType = sourcecode.swift; path = OcamonViewController.swift; sourceTree = "<group>"; };
		9746E4F320361C5F00F651DE /* OcamonViewController.xib */ = {isa = PBXFileReference; lastKnownFileType = file.xib; path = OcamonViewController.xib; sourceTree = "<group>"; };
		97EF62D9203B35660047C247 /* AboutViewController.swift */ = {isa = PBXFileReference; fileEncoding = 4; lastKnownFileType = sourcecode.swift; path = AboutViewController.swift; sourceTree = "<group>"; };
		97EF62DA203B35660047C247 /* AboutViewController.xib */ = {isa = PBXFileReference; fileEncoding = 4; lastKnownFileType = file.xib; path = AboutViewController.xib; sourceTree = "<group>"; };
/* End PBXFileReference section */

/* Begin PBXFrameworksBuildPhase section */
		97399B6E2032C0EA00D62FE2 /* Frameworks */ = {
			isa = PBXFrameworksBuildPhase;
			buildActionMask = 2147483647;
			files = (
			);
			runOnlyForDeploymentPostprocessing = 0;
		};
/* End PBXFrameworksBuildPhase section */

/* Begin PBXGroup section */
		97399B682032C0EA00D62FE2 = {
			isa = PBXGroup;
			children = (
				97399B732032C0EA00D62FE2 /* Ocadex */,
				97399B722032C0EA00D62FE2 /* Products */,
			);
			sourceTree = "<group>";
		};
		97399B722032C0EA00D62FE2 /* Products */ = {
			isa = PBXGroup;
			children = (
				97399B712032C0EA00D62FE2 /* Ocadex.app */,
			);
			name = Products;
			sourceTree = "<group>";
		};
		97399B732032C0EA00D62FE2 /* Ocadex */ = {
			isa = PBXGroup;
			children = (
				97EF62DE203C3CF60047C247 /* Application */,
				97EF62DD203C3CE00047C247 /* Model */,
				97EF62DF203C3D820047C247 /* ViewControllers */,
				97399B7B2032C0EA00D62FE2 /* Assets.xcassets */,
				97399B7D2032C0EA00D62FE2 /* LaunchScreen.storyboard */,
				97399B802032C0EA00D62FE2 /* Info.plist */,
			);
			path = Ocadex;
			sourceTree = "<group>";
		};
		97EF62DD203C3CE00047C247 /* Model */ = {
			isa = PBXGroup;
			children = (
				9746E4E620338C1F00F651DE /* Ocamon.swift */,
				9746E4E820338D9D00F651DE /* OcamonType.swift */,
				9746E4EE20339E3F00F651DE /* Store.swift */,
			);
			path = Model;
			sourceTree = "<group>";
		};
		97EF62DE203C3CF60047C247 /* Application */ = {
			isa = PBXGroup;
			children = (
				97399B742032C0EA00D62FE2 /* AppDelegate.swift */,
			);
			path = Application;
			sourceTree = "<group>";
		};
		97EF62DF203C3D820047C247 /* ViewControllers */ = {
			isa = PBXGroup;
			children = (
				97EF62D9203B35660047C247 /* AboutViewController.swift */,
				97EF62DA203B35660047C247 /* AboutViewController.xib */,
				9746E4EA2033900E00F651DE /* OcamonsViewController.swift */,
				9746E4F1203619EC00F651DE /* OcamonViewController.swift */,
				9746E4F320361C5F00F651DE /* OcamonViewController.xib */,
				9746E4EC2033929B00F651DE /* OcamonsViewController.xib */,
			);
			path = ViewControllers;
			sourceTree = "<group>";
		};
/* End PBXGroup section */

/* Begin PBXNativeTarget section */
		97399B702032C0EA00D62FE2 /* Ocadex */ = {
			isa = PBXNativeTarget;
			buildConfigurationList = 97399B832032C0EA00D62FE2 /* Build configuration list for PBXNativeTarget "Ocadex" */;
			buildPhases = (
				97399B6D2032C0EA00D62FE2 /* Sources */,
				97399B6E2032C0EA00D62FE2 /* Frameworks */,
				97399B6F2032C0EA00D62FE2 /* Resources */,
			);
			buildRules = (
			);
			dependencies = (
			);
			name = Ocadex;
			productName = Ocadex;
			productReference = 97399B712032C0EA00D62FE2 /* Ocadex.app */;
			productType = "com.apple.product-type.application";
		};
/* End PBXNativeTarget section */

/* Begin PBXProject section */
		97399B692032C0EA00D62FE2 /* Project object */ = {
			isa = PBXProject;
			attributes = {
				LastSwiftUpdateCheck = 0920;
				LastUpgradeCheck = 0920;
				ORGANIZATIONNAME = "Jose Marchena";
				TargetAttributes = {
					97399B702032C0EA00D62FE2 = {
						CreatedOnToolsVersion = 9.2;
						ProvisioningStyle = Automatic;
					};
				};
			};
			buildConfigurationList = 97399B6C2032C0EA00D62FE2 /* Build configuration list for PBXProject "Ocadex" */;
			compatibilityVersion = "Xcode 8.0";
			developmentRegion = en;
			hasScannedForEncodings = 0;
			knownRegions = (
				en,
				Base,
			);
			mainGroup = 97399B682032C0EA00D62FE2;
			productRefGroup = 97399B722032C0EA00D62FE2 /* Products */;
			projectDirPath = "";
			projectRoot = "";
			targets = (
				97399B702032C0EA00D62FE2 /* Ocadex */,
			);
		};
/* End PBXProject section */

/* Begin PBXResourcesBuildPhase section */
		97399B6F2032C0EA00D62FE2 /* Resources */ = {
			isa = PBXResourcesBuildPhase;
			buildActionMask = 2147483647;
			files = (
				97399B7F2032C0EA00D62FE2 /* LaunchScreen.storyboard in Resources */,
				9746E4F420361C5F00F651DE /* OcamonViewController.xib in Resources */,
				9746E4ED2033929B00F651DE /* OcamonsViewController.xib in Resources */,
				97399B7C2032C0EA00D62FE2 /* Assets.xcassets in Resources */,
				97EF62DC203B35660047C247 /* AboutViewController.xib in Resources */,
			);
			runOnlyForDeploymentPostprocessing = 0;
		};
/* End PBXResourcesBuildPhase section */

/* Begin PBXSourcesBuildPhase section */
		97399B6D2032C0EA00D62FE2 /* Sources */ = {
			isa = PBXSourcesBuildPhase;
			buildActionMask = 2147483647;
			files = (
				9746E4EF20339E3F00F651DE /* Store.swift in Sources */,
				97399B752032C0EA00D62FE2 /* AppDelegate.swift in Sources */,
				9746E4E920338D9D00F651DE /* OcamonType.swift in Sources */,
				97EF62DB203B35660047C247 /* AboutViewController.swift in Sources */,
				9746E4F2203619EC00F651DE /* OcamonViewController.swift in Sources */,
				9746E4E720338C1F00F651DE /* Ocamon.swift in Sources */,
				9746E4EB2033900E00F651DE /* OcamonsViewController.swift in Sources */,
			);
			runOnlyForDeploymentPostprocessing = 0;
		};
/* End PBXSourcesBuildPhase section */

/* Begin PBXVariantGroup section */
		97399B7D2032C0EA00D62FE2 /* LaunchScreen.storyboard */ = {
			isa = PBXVariantGroup;
			children = (
				97399B7E2032C0EA00D62FE2 /* Base */,
			);
			name = LaunchScreen.storyboard;
			sourceTree = "<group>";
		};
/* End PBXVariantGroup section */

/* Begin XCBuildConfiguration section */
		97399B812032C0EA00D62FE2 /* Debug */ = {
			isa = XCBuildConfiguration;
			buildSettings = {
				ALWAYS_SEARCH_USER_PATHS = NO;
				CLANG_ANALYZER_NONNULL = YES;
				CLANG_ANALYZER_NUMBER_OBJECT_CONVERSION = YES_AGGRESSIVE;
				CLANG_CXX_LANGUAGE_STANDARD = "gnu++14";
				CLANG_CXX_LIBRARY = "libc++";
				CLANG_ENABLE_MODULES = YES;
				CLANG_ENABLE_OBJC_ARC = YES;
				CLANG_WARN_BLOCK_CAPTURE_AUTORELEASING = YES;
				CLANG_WARN_BOOL_CONVERSION = YES;
				CLANG_WARN_COMMA = YES;
				CLANG_WARN_CONSTANT_CONVERSION = YES;
				CLANG_WARN_DIRECT_OBJC_ISA_USAGE = YES_ERROR;
				CLANG_WARN_DOCUMENTATION_COMMENTS = YES;
				CLANG_WARN_EMPTY_BODY = YES;
				CLANG_WARN_ENUM_CONVERSION = YES;
				CLANG_WARN_INFINITE_RECURSION = YES;
				CLANG_WARN_INT_CONVERSION = YES;
				CLANG_WARN_NON_LITERAL_NULL_CONVERSION = YES;
				CLANG_WARN_OBJC_LITERAL_CONVERSION = YES;
				CLANG_WARN_OBJC_ROOT_CLASS = YES_ERROR;
				CLANG_WARN_RANGE_LOOP_ANALYSIS = YES;
				CLANG_WARN_STRICT_PROTOTYPES = YES;
				CLANG_WARN_SUSPICIOUS_MOVE = YES;
				CLANG_WARN_UNGUARDED_AVAILABILITY = YES_AGGRESSIVE;
				CLANG_WARN_UNREACHABLE_CODE = YES;
				CLANG_WARN__DUPLICATE_METHOD_MATCH = YES;
				CODE_SIGN_IDENTITY = "iPhone Developer";
				COPY_PHASE_STRIP = NO;
				DEBUG_INFORMATION_FORMAT = dwarf;
				ENABLE_STRICT_OBJC_MSGSEND = YES;
				ENABLE_TESTABILITY = YES;
				GCC_C_LANGUAGE_STANDARD = gnu11;
				GCC_DYNAMIC_NO_PIC = NO;
				GCC_NO_COMMON_BLOCKS = YES;
				GCC_OPTIMIZATION_LEVEL = 0;
				GCC_PREPROCESSOR_DEFINITIONS = (
					"DEBUG=1",
					"$(inherited)",
				);
				GCC_WARN_64_TO_32_BIT_CONVERSION = YES;
				GCC_WARN_ABOUT_RETURN_TYPE = YES_ERROR;
				GCC_WARN_UNDECLARED_SELECTOR = YES;
				GCC_WARN_UNINITIALIZED_AUTOS = YES_AGGRESSIVE;
				GCC_WARN_UNUSED_FUNCTION = YES;
				GCC_WARN_UNUSED_VARIABLE = YES;
				IPHONEOS_DEPLOYMENT_TARGET = 11.2;
				MTL_ENABLE_DEBUG_INFO = YES;
				ONLY_ACTIVE_ARCH = YES;
				SDKROOT = iphoneos;
				SWIFT_ACTIVE_COMPILATION_CONDITIONS = DEBUG;
				SWIFT_OPTIMIZATION_LEVEL = "-Onone";
			};
			name = Debug;
		};
		97399B822032C0EA00D62FE2 /* Release */ = {
			isa = XCBuildConfiguration;
			buildSettings = {
				ALWAYS_SEARCH_USER_PATHS = NO;
				CLANG_ANALYZER_NONNULL = YES;
				CLANG_ANALYZER_NUMBER_OBJECT_CONVERSION = YES_AGGRESSIVE;
				CLANG_CXX_LANGUAGE_STANDARD = "gnu++14";
				CLANG_CXX_LIBRARY = "libc++";
				CLANG_ENABLE_MODULES = YES;
				CLANG_ENABLE_OBJC_ARC = YES;
				CLANG_WARN_BLOCK_CAPTURE_AUTORELEASING = YES;
				CLANG_WARN_BOOL_CONVERSION = YES;
				CLANG_WARN_COMMA = YES;
				CLANG_WARN_CONSTANT_CONVERSION = YES;
				CLANG_WARN_DIRECT_OBJC_ISA_USAGE = YES_ERROR;
				CLANG_WARN_DOCUMENTATION_COMMENTS = YES;
				CLANG_WARN_EMPTY_BODY = YES;
				CLANG_WARN_ENUM_CONVERSION = YES;
				CLANG_WARN_INFINITE_RECURSION = YES;
				CLANG_WARN_INT_CONVERSION = YES;
				CLANG_WARN_NON_LITERAL_NULL_CONVERSION = YES;
				CLANG_WARN_OBJC_LITERAL_CONVERSION = YES;
				CLANG_WARN_OBJC_ROOT_CLASS = YES_ERROR;
				CLANG_WARN_RANGE_LOOP_ANALYSIS = YES;
				CLANG_WARN_STRICT_PROTOTYPES = YES;
				CLANG_WARN_SUSPICIOUS_MOVE = YES;
				CLANG_WARN_UNGUARDED_AVAILABILITY = YES_AGGRESSIVE;
				CLANG_WARN_UNREACHABLE_CODE = YES;
				CLANG_WARN__DUPLICATE_METHOD_MATCH = YES;
				CODE_SIGN_IDENTITY = "iPhone Developer";
				COPY_PHASE_STRIP = NO;
				DEBUG_INFORMATION_FORMAT = "dwarf-with-dsym";
				ENABLE_NS_ASSERTIONS = NO;
				ENABLE_STRICT_OBJC_MSGSEND = YES;
				GCC_C_LANGUAGE_STANDARD = gnu11;
				GCC_NO_COMMON_BLOCKS = YES;
				GCC_WARN_64_TO_32_BIT_CONVERSION = YES;
				GCC_WARN_ABOUT_RETURN_TYPE = YES_ERROR;
				GCC_WARN_UNDECLARED_SELECTOR = YES;
				GCC_WARN_UNINITIALIZED_AUTOS = YES_AGGRESSIVE;
				GCC_WARN_UNUSED_FUNCTION = YES;
				GCC_WARN_UNUSED_VARIABLE = YES;
				IPHONEOS_DEPLOYMENT_TARGET = 11.2;
				MTL_ENABLE_DEBUG_INFO = NO;
				SDKROOT = iphoneos;
				SWIFT_OPTIMIZATION_LEVEL = "-Owholemodule";
				VALIDATE_PRODUCT = YES;
			};
			name = Release;
		};
		97399B842032C0EA00D62FE2 /* Debug */ = {
			isa = XCBuildConfiguration;
			buildSettings = {
				ASSETCATALOG_COMPILER_APPICON_NAME = AppIcon;
				CODE_SIGN_STYLE = Automatic;
				DEVELOPMENT_TEAM = MTN2RMG78V;
				INFOPLIST_FILE = Ocadex/Info.plist;
				LD_RUNPATH_SEARCH_PATHS = "$(inherited) @executable_path/Frameworks";
				PRODUCT_BUNDLE_IDENTIFIER = com.jmt.Ocadex;
				PRODUCT_NAME = "$(TARGET_NAME)";
				SWIFT_VERSION = 4.0;
				TARGETED_DEVICE_FAMILY = "1,2";
			};
			name = Debug;
		};
		97399B852032C0EA00D62FE2 /* Release */ = {
			isa = XCBuildConfiguration;
			buildSettings = {
				ASSETCATALOG_COMPILER_APPICON_NAME = AppIcon;
				CODE_SIGN_STYLE = Automatic;
				DEVELOPMENT_TEAM = MTN2RMG78V;
				INFOPLIST_FILE = Ocadex/Info.plist;
				LD_RUNPATH_SEARCH_PATHS = "$(inherited) @executable_path/Frameworks";
				PRODUCT_BUNDLE_IDENTIFIER = com.jmt.Ocadex;
				PRODUCT_NAME = "$(TARGET_NAME)";
				SWIFT_VERSION = 4.0;
				TARGETED_DEVICE_FAMILY = "1,2";
			};
			name = Release;
		};
/* End XCBuildConfiguration section */

/* Begin XCConfigurationList section */
		97399B6C2032C0EA00D62FE2 /* Build configuration list for PBXProject "Ocadex" */ = {
			isa = XCConfigurationList;
			buildConfigurations = (
				97399B812032C0EA00D62FE2 /* Debug */,
				97399B822032C0EA00D62FE2 /* Release */,
			);
			defaultConfigurationIsVisible = 0;
			defaultConfigurationName = Release;
		};
		97399B832032C0EA00D62FE2 /* Build configuration list for PBXNativeTarget "Ocadex" */ = {
			isa = XCConfigurationList;
			buildConfigurations = (
				97399B842032C0EA00D62FE2 /* Debug */,
				97399B852032C0EA00D62FE2 /* Release */,
			);
			defaultConfigurationIsVisible = 0;
			defaultConfigurationName = Release;
		};
/* End XCConfigurationList section */
	};
	rootObject = 97399B692032C0EA00D62FE2 /* Project object */;
}
